
Microsoft Visual Studio Solution File, Format Version 12.00
# Visual Studio Version 16
VisualStudioVersion = 16.0.30717.126
MinimumVisualStudioVersion = 10.0.40219.1
Project("{FAE04EC0-301F-11D3-BF4B-00C04F79EFBC}") = "LinqBeginTasks", "LinqBeginTasks\LinqBeginTasks.csproj", "{75F90C9D-2A52-47ED-AF44-EE772FDD7C5B}"
EndProject
Global
	GlobalSection(SolutionConfigurationPlatforms) = preSolution
		Debug|Any CPU = Debug|Any CPU
		Release|Any CPU = Release|Any CPU
	EndGlobalSection
	GlobalSection(ProjectConfigurationPlatforms) = postSolution
		{75F90C9D-2A52-47ED-AF44-EE772FDD7C5B}.Debug|Any CPU.ActiveCfg = Debug|Any CPU
		{75F90C9D-2A52-47ED-AF44-EE772FDD7C5B}.Debug|Any CPU.Build.0 = Debug|Any CPU
		{75F90C9D-2A52-47ED-AF44-EE772FDD7C5B}.Release|Any CPU.ActiveCfg = Release|Any CPU
		{75F90C9D-2A52-47ED-AF44-EE772FDD7C5B}.Release|Any CPU.Build.0 = Release|Any CPU
	EndGlobalSection
	GlobalSection(SolutionProperties) = preSolution
		HideSolutionNode = FALSE
	EndGlobalSection
	GlobalSection(ExtensibilityGlobals) = postSolution
		SolutionGuid = {076E48E6-1371-4A0A-9DB5-82787753A714}
	EndGlobalSection
EndGlobal
